
Microsoft Visual Studio Solution File, Format Version 12.00
# Visual Studio Version 17
VisualStudioVersion = 17.14.36518.9
MinimumVisualStudioVersion = 10.0.40219.1
Project("{2150E333-8FDC-42A3-9474-1A3956D46DE8}") = "Task0", "Task0", "{02EA681E-C7D8-13C7-8484-4AC65E1B71E8}"
EndProject
Project("{FAE04EC0-301F-11D3-BF4B-00C04F79EFBC}") = "Tyuiu.Ahmadi2.Sprint4.Task0.V11", "Tyuiu.Ahmadi2.Sprint4.Task0.V11\Tyuiu.Ahmadi2.Sprint4.Task0.V11.csproj", "{AC66DEBE-88B2-4EB1-8615-4434806500AB}"
EndProject
Project("{FAE04EC0-301F-11D3-BF4B-00C04F79EFBC}") = "Tyuiu.Ahmadi2.Sprint4.Task0.V11.Lib", "Tyuiu.Ahmadi2.Sprint4.Task0.V11.Lib\Tyuiu.Ahmadi2.Sprint4.Task0.V11.Lib.csproj", "{482FFED9-D29F-424F-BBD0-1AE74CAD7702}"
EndProject
Project("{FAE04EC0-301F-11D3-BF4B-00C04F79EFBC}") = "Tyuiu.Ahmadi2.Sprint4.Task0.V11.Test", "Tyuiu.Ahmadi2.Sprint4.Task0.V11.Test\Tyuiu.Ahmadi2.Sprint4.Task0.V11.Test.csproj", "{964E5CED-764D-4C73-B714-535AD709D34F}"
EndProject
Project("{2150E333-8FDC-42A3-9474-1A3956D46DE8}") = "Task1", "Task1", "{0CE510BA-8C5E-42AB-84CF-14C96C66A8C7}"
EndProject
Project("{FAE04EC0-301F-11D3-BF4B-00C04F79EFBC}") = "Tyuiu.Ahmadi2.Sprint4.Task1.V22", "Tyuiu.Ahmadi2.Sprint4.Task1.V22\Tyuiu.Ahmadi2.Sprint4.Task1.V22.csproj", "{9201F6B7-2322-415E-AB65-7E582A6FA87B}"
EndProject
Project("{FAE04EC0-301F-11D3-BF4B-00C04F79EFBC}") = "Tyuiu.Ahmadi2.Sprint4.Task1.V22.Lib", "Tyuiu.Ahmadi2.Sprint4.Task1.V22.Lib\Tyuiu.Ahmadi2.Sprint4.Task1.V22.Lib.csproj", "{FB89B69B-92BE-467E-B3A7-2D9539AAB96D}"
EndProject
Project("{FAE04EC0-301F-11D3-BF4B-00C04F79EFBC}") = "Tyuiu.Ahmadi2.Sprint4.Task1.V22.Test", "Tyuiu.Ahmadi2.Sprint4.Task1.V22.Test\Tyuiu.Ahmadi2.Sprint4.Task1.V22.Test.csproj", "{8038F3AC-CE2E-4906-94FC-A1B0C11FC5DC}"
EndProject
Project("{2150E333-8FDC-42A3-9474-1A3956D46DE8}") = "Task2", "Task2", "{2640C912-EFF9-4F33-9F8A-5E168175341E}"
EndProject
Project("{FAE04EC0-301F-11D3-BF4B-00C04F79EFBC}") = "Tyuiu.Ahmadi2.Sprint4.Task2.V11", "Tyuiu.Ahmadi2.Sprint4.Task2.V11\Tyuiu.Ahmadi2.Sprint4.Task2.V11.csproj", "{2D807F4B-C349-49EE-86C5-241979449A70}"
EndProject
Project("{FAE04EC0-301F-11D3-BF4B-00C04F79EFBC}") = "Tyuiu.Ahmadi2.Sprint4.Task2.V11.Lib", "Tyuiu.Ahmadi2.Sprint4.Task2.V11.Lib\Tyuiu.Ahmadi2.Sprint4.Task2.V11.Lib.csproj", "{98EC6594-92CE-4265-83CD-4EB0624D4C1B}"
EndProject
Project("{FAE04EC0-301F-11D3-BF4B-00C04F79EFBC}") = "Tyuiu.Ahmadi2.Sprint4.Task2.V11.Test", "Tyuiu.Ahmadi2.Sprint4.Task2.V11.Test\Tyuiu.Ahmadi2.Sprint4.Task2.V11.Test.csproj", "{33CD676A-82EA-4EE9-AA6E-D6451CBFC2A2}"
EndProject
Project("{2150E333-8FDC-42A3-9474-1A3956D46DE8}") = "Task3", "Task3", "{D96BD2FF-4AA3-4022-B79A-5890A58CCDF0}"
EndProject
Project("{FAE04EC0-301F-11D3-BF4B-00C04F79EFBC}") = "Tyuiu.Ahmadi2.Sprint4.Task3.V22", "Tyuiu.Ahmadi2.Sprint4.Task3.V22\Tyuiu.Ahmadi2.Sprint4.Task3.V22.csproj", "{4334884C-900F-4AFF-918E-C813914F4432}"
EndProject
Project("{FAE04EC0-301F-11D3-BF4B-00C04F79EFBC}") = "Tyuiu.Ahmadi2.Sprint4.Task3.V22.Lib", "Tyuiu.Ahmadi2.Sprint4.Task3.V22.Lib\Tyuiu.Ahmadi2.Sprint4.Task3.V22.Lib.csproj", "{6D4EC8D6-382E-4FAD-ADDA-7E39DE31F00A}"
EndProject
Project("{FAE04EC0-301F-11D3-BF4B-00C04F79EFBC}") = "Tyuiu.Ahmadi2.Sprint4.Task3.V22.Test", "Tyuiu.Ahmadi2.Sprint4.Task3.V22.Test\Tyuiu.Ahmadi2.Sprint4.Task3.V22.Test.csproj", "{3DE65D94-345F-42D7-8634-AC7A834C9E4D}"
EndProject
Project("{2150E333-8FDC-42A3-9474-1A3956D46DE8}") = "Task4", "Task4", "{8A58CDCA-927C-4624-926F-82B4A67A06F4}"
EndProject
Project("{FAE04EC0-301F-11D3-BF4B-00C04F79EFBC}") = "Tyuiu.Ahmadi2.Sprint4.Task4.V8", "Tyuiu.Ahmadi2.Sprint4.Task4.V8\Tyuiu.Ahmadi2.Sprint4.Task4.V8.csproj", "{0D02FDED-54FE-49D2-A73F-375F5BC8FCE0}"
EndProject
Project("{FAE04EC0-301F-11D3-BF4B-00C04F79EFBC}") = "Tyuiu.Ahmadi2.Sprint4.Task4.V8.Lib", "Tyuiu.Ahmadi2.Sprint4.Task4.V8.Lib\Tyuiu.Ahmadi2.Sprint4.Task4.V8.Lib.csproj", "{245A9953-ECEA-48F9-9223-7F629FDFCFAB}"
EndProject
Project("{FAE04EC0-301F-11D3-BF4B-00C04F79EFBC}") = "Tyuiu.Ahmadi2.Sprint4.Task4.V8.Test", "Tyuiu.Ahmadi2.Sprint4.Task4.V8.Test\Tyuiu.Ahmadi2.Sprint4.Task4.V8.Test.csproj", "{6E7F9548-D143-4989-A685-400200BB1B7E}"
EndProject
Project("{2150E333-8FDC-42A3-9474-1A3956D46DE8}") = "Task5", "Task5", "{D0798CBD-3840-4F4D-AA7E-3D14EDF6A855}"
EndProject
Project("{FAE04EC0-301F-11D3-BF4B-00C04F79EFBC}") = "Tyuiu.Ahmadi2.Sprint4.Task5.V11", "Tyuiu.Ahmadi2.Sprint4.Task5.V11\Tyuiu.Ahmadi2.Sprint4.Task5.V11.csproj", "{B1B4ED24-F6B9-46D4-BCCF-E5701CC68BC7}"
EndProject
Project("{FAE04EC0-301F-11D3-BF4B-00C04F79EFBC}") = "Tyuiu.Ahmadi2.Sprint4.Task5.V11.Lib", "Tyuiu.Ahmadi2.Sprint4.Task5.V11.Lib\Tyuiu.Ahmadi2.Sprint4.Task5.V11.Lib.csproj", "{AA00791A-2D01-4DF3-A8D2-7958587DC668}"
EndProject
Project("{FAE04EC0-301F-11D3-BF4B-00C04F79EFBC}") = "Tyuiu.Ahmadi2.Sprint4.Task5.V11.Test", "Tyuiu.Ahmadi2.Sprint4.Task5.V11.Test\Tyuiu.Ahmadi2.Sprint4.Task5.V11.Test.csproj", "{498B7D4E-EE5D-47A1-B23B-F370D2CDD825}"
EndProject
Project("{2150E333-8FDC-42A3-9474-1A3956D46DE8}") = "Task6", "Task6", "{70CF32CA-8E86-4220-A435-E61C2F11E24E}"
EndProject
Project("{FAE04EC0-301F-11D3-BF4B-00C04F79EFBC}") = "Tyuiu.Ahmadi2.Sprint4.Task6.V8", "Tyuiu.Ahmadi2.Sprint4.Task6.V8\Tyuiu.Ahmadi2.Sprint4.Task6.V8.csproj", "{912863D3-E061-4195-8ABA-6A0AD341C4D4}"
EndProject
Project("{FAE04EC0-301F-11D3-BF4B-00C04F79EFBC}") = "Tyuiu.Ahmadi2.Sprint4.Task6.V8.Lib", "Tyuiu.Ahmadi2.Sprint4.Task6.V8.Lib\Tyuiu.Ahmadi2.Sprint4.Task6.V8.Lib.csproj", "{A8BBA4F8-1B51-4CF8-946D-085276E875E0}"
EndProject
Project("{FAE04EC0-301F-11D3-BF4B-00C04F79EFBC}") = "Tyuiu.Ahmadi2.Sprint4.Task6.V8.Test", "Tyuiu.Ahmadi2.Sprint4.Task6.V8.Test\Tyuiu.Ahmadi2.Sprint4.Task6.V8.Test.csproj", "{F7E0575C-A053-4B17-B278-D2852A2D4402}"
EndProject
Project("{2150E333-8FDC-42A3-9474-1A3956D46DE8}") = "Task7", "Task7", "{E9832953-F9AC-4D29-80CD-D7E932814D19}"
EndProject
Project("{FAE04EC0-301F-11D3-BF4B-00C04F79EFBC}") = "Tyuiu.Ahmadi2.Sprint4.Task7.V24", "Tyuiu.Ahmadi2.Sprint4.Task7.V24\Tyuiu.Ahmadi2.Sprint4.Task7.V24.csproj", "{5F6FA615-E50B-4EDD-AE40-958B76121F3F}"
EndProject
Project("{FAE04EC0-301F-11D3-BF4B-00C04F79EFBC}") = "Tyuiu.Ahmadi2.Sprint4.Task7.V24.Lib", "Tyuiu.Ahmadi2.Sprint4.Task7.V24.Lib\Tyuiu.Ahmadi2.Sprint4.Task7.V24.Lib.csproj", "{C9152FE6-313D-400E-B804-6E94DBA44428}"
EndProject
Project("{FAE04EC0-301F-11D3-BF4B-00C04F79EFBC}") = "Tyuiu.Ahmadi2.Sprint4.Task7.V24.Test", "Tyuiu.Ahmadi2.Sprint4.Task7.V24.Test\Tyuiu.Ahmadi2.Sprint4.Task7.V24.Test.csproj", "{FE47A5F8-E1E3-4BE0-87CE-C2718CF194E6}"
EndProject
Global
	GlobalSection(SolutionConfigurationPlatforms) = preSolution
		Debug|Any CPU = Debug|Any CPU
		Release|Any CPU = Release|Any CPU
	EndGlobalSection
	GlobalSection(ProjectConfigurationPlatforms) = postSolution
		{AC66DEBE-88B2-4EB1-8615-4434806500AB}.Debug|Any CPU.ActiveCfg = Debug|Any CPU
		{AC66DEBE-88B2-4EB1-8615-4434806500AB}.Debug|Any CPU.Build.0 = Debug|Any CPU
		{AC66DEBE-88B2-4EB1-8615-4434806500AB}.Release|Any CPU.ActiveCfg = Release|Any CPU
		{AC66DEBE-88B2-4EB1-8615-4434806500AB}.Release|Any CPU.Build.0 = Release|Any CPU
		{482FFED9-D29F-424F-BBD0-1AE74CAD7702}.Debug|Any CPU.ActiveCfg = Debug|Any CPU
		{482FFED9-D29F-424F-BBD0-1AE74CAD7702}.Debug|Any CPU.Build.0 = Debug|Any CPU
		{482FFED9-D29F-424F-BBD0-1AE74CAD7702}.Release|Any CPU.ActiveCfg = Release|Any CPU
		{482FFED9-D29F-424F-BBD0-1AE74CAD7702}.Release|Any CPU.Build.0 = Release|Any CPU
		{964E5CED-764D-4C73-B714-535AD709D34F}.Debug|Any CPU.ActiveCfg = Debug|Any CPU
		{964E5CED-764D-4C73-B714-535AD709D34F}.Debug|Any CPU.Build.0 = Debug|Any CPU
		{964E5CED-764D-4C73-B714-535AD709D34F}.Release|Any CPU.ActiveCfg = Release|Any CPU
		{964E5CED-764D-4C73-B714-535AD709D34F}.Release|Any CPU.Build.0 = Release|Any CPU
		{9201F6B7-2322-415E-AB65-7E582A6FA87B}.Debug|Any CPU.ActiveCfg = Debug|Any CPU
		{9201F6B7-2322-415E-AB65-7E582A6FA87B}.Debug|Any CPU.Build.0 = Debug|Any CPU
		{9201F6B7-2322-415E-AB65-7E582A6FA87B}.Release|Any CPU.ActiveCfg = Release|Any CPU
		{9201F6B7-2322-415E-AB65-7E582A6FA87B}.Release|Any CPU.Build.0 = Release|Any CPU
		{FB89B69B-92BE-467E-B3A7-2D9539AAB96D}.Debug|Any CPU.ActiveCfg = Debug|Any CPU
		{FB89B69B-92BE-467E-B3A7-2D9539AAB96D}.Debug|Any CPU.Build.0 = Debug|Any CPU
		{FB89B69B-92BE-467E-B3A7-2D9539AAB96D}.Release|Any CPU.ActiveCfg = Release|Any CPU
		{FB89B69B-92BE-467E-B3A7-2D9539AAB96D}.Release|Any CPU.Build.0 = Release|Any CPU
		{8038F3AC-CE2E-4906-94FC-A1B0C11FC5DC}.Debug|Any CPU.ActiveCfg = Debug|Any CPU
		{8038F3AC-CE2E-4906-94FC-A1B0C11FC5DC}.Debug|Any CPU.Build.0 = Debug|Any CPU
		{8038F3AC-CE2E-4906-94FC-A1B0C11FC5DC}.Release|Any CPU.ActiveCfg = Release|Any CPU
		{8038F3AC-CE2E-4906-94FC-A1B0C11FC5DC}.Release|Any CPU.Build.0 = Release|Any CPU
		{2D807F4B-C349-49EE-86C5-241979449A70}.Debug|Any CPU.ActiveCfg = Debug|Any CPU
		{2D807F4B-C349-49EE-86C5-241979449A70}.Debug|Any CPU.Build.0 = Debug|Any CPU
		{2D807F4B-C349-49EE-86C5-241979449A70}.Release|Any CPU.ActiveCfg = Release|Any CPU
		{2D807F4B-C349-49EE-86C5-241979449A70}.Release|Any CPU.Build.0 = Release|Any CPU
		{98EC6594-92CE-4265-83CD-4EB0624D4C1B}.Debug|Any CPU.ActiveCfg = Debug|Any CPU
		{98EC6594-92CE-4265-83CD-4EB0624D4C1B}.Debug|Any CPU.Build.0 = Debug|Any CPU
		{98EC6594-92CE-4265-83CD-4EB0624D4C1B}.Release|Any CPU.ActiveCfg = Release|Any CPU
		{98EC6594-92CE-4265-83CD-4EB0624D4C1B}.Release|Any CPU.Build.0 = Release|Any CPU
		{33CD676A-82EA-4EE9-AA6E-D6451CBFC2A2}.Debug|Any CPU.ActiveCfg = Debug|Any CPU
		{33CD676A-82EA-4EE9-AA6E-D6451CBFC2A2}.Debug|Any CPU.Build.0 = Debug|Any CPU
		{33CD676A-82EA-4EE9-AA6E-D6451CBFC2A2}.Release|Any CPU.ActiveCfg = Release|Any CPU
		{33CD676A-82EA-4EE9-AA6E-D6451CBFC2A2}.Release|Any CPU.Build.0 = Release|Any CPU
		{4334884C-900F-4AFF-918E-C813914F4432}.Debug|Any CPU.ActiveCfg = Debug|Any CPU
		{4334884C-900F-4AFF-918E-C813914F4432}.Debug|Any CPU.Build.0 = Debug|Any CPU
		{4334884C-900F-4AFF-918E-C813914F4432}.Release|Any CPU.ActiveCfg = Release|Any CPU
		{4334884C-900F-4AFF-918E-C813914F4432}.Release|Any CPU.Build.0 = Release|Any CPU
		{6D4EC8D6-382E-4FAD-ADDA-7E39DE31F00A}.Debug|Any CPU.ActiveCfg = Debug|Any CPU
		{6D4EC8D6-382E-4FAD-ADDA-7E39DE31F00A}.Debug|Any CPU.Build.0 = Debug|Any CPU
		{6D4EC8D6-382E-4FAD-ADDA-7E39DE31F00A}.Release|Any CPU.ActiveCfg = Release|Any CPU
		{6D4EC8D6-382E-4FAD-ADDA-7E39DE31F00A}.Release|Any CPU.Build.0 = Release|Any CPU
		{3DE65D94-345F-42D7-8634-AC7A834C9E4D}.Debug|Any CPU.ActiveCfg = Debug|Any CPU
		{3DE65D94-345F-42D7-8634-AC7A834C9E4D}.Debug|Any CPU.Build.0 = Debug|Any CPU
		{3DE65D94-345F-42D7-8634-AC7A834C9E4D}.Release|Any CPU.ActiveCfg = Release|Any CPU
		{3DE65D94-345F-42D7-8634-AC7A834C9E4D}.Release|Any CPU.Build.0 = Release|Any CPU
		{0D02FDED-54FE-49D2-A73F-375F5BC8FCE0}.Debug|Any CPU.ActiveCfg = Debug|Any CPU
		{0D02FDED-54FE-49D2-A73F-375F5BC8FCE0}.Debug|Any CPU.Build.0 = Debug|Any CPU
		{0D02FDED-54FE-49D2-A73F-375F5BC8FCE0}.Release|Any CPU.ActiveCfg = Release|Any CPU
		{0D02FDED-54FE-49D2-A73F-375F5BC8FCE0}.Release|Any CPU.Build.0 = Release|Any CPU
		{245A9953-ECEA-48F9-9223-7F629FDFCFAB}.Debug|Any CPU.ActiveCfg = Debug|Any CPU
		{245A9953-ECEA-48F9-9223-7F629FDFCFAB}.Debug|Any CPU.Build.0 = Debug|Any CPU
		{245A9953-ECEA-48F9-9223-7F629FDFCFAB}.Release|Any CPU.ActiveCfg = Release|Any CPU
		{245A9953-ECEA-48F9-9223-7F629FDFCFAB}.Release|Any CPU.Build.0 = Release|Any CPU
		{6E7F9548-D143-4989-A685-400200BB1B7E}.Debug|Any CPU.ActiveCfg = Debug|Any CPU
		{6E7F9548-D143-4989-A685-400200BB1B7E}.Debug|Any CPU.Build.0 = Debug|Any CPU
		{6E7F9548-D143-4989-A685-400200BB1B7E}.Release|Any CPU.ActiveCfg = Release|Any CPU
		{6E7F9548-D143-4989-A685-400200BB1B7E}.Release|Any CPU.Build.0 = Release|Any CPU
		{B1B4ED24-F6B9-46D4-BCCF-E5701CC68BC7}.Debug|Any CPU.ActiveCfg = Debug|Any CPU
		{B1B4ED24-F6B9-46D4-BCCF-E5701CC68BC7}.Debug|Any CPU.Build.0 = Debug|Any CPU
		{B1B4ED24-F6B9-46D4-BCCF-E5701CC68BC7}.Release|Any CPU.ActiveCfg = Release|Any CPU
		{B1B4ED24-F6B9-46D4-BCCF-E5701CC68BC7}.Release|Any CPU.Build.0 = Release|Any CPU
		{AA00791A-2D01-4DF3-A8D2-7958587DC668}.Debug|Any CPU.ActiveCfg = Debug|Any CPU
		{AA00791A-2D01-4DF3-A8D2-7958587DC668}.Debug|Any CPU.Build.0 = Debug|Any CPU
		{AA00791A-2D01-4DF3-A8D2-7958587DC668}.Release|Any CPU.ActiveCfg = Release|Any CPU
		{AA00791A-2D01-4DF3-A8D2-7958587DC668}.Release|Any CPU.Build.0 = Release|Any CPU
		{498B7D4E-EE5D-47A1-B23B-F370D2CDD825}.Debug|Any CPU.ActiveCfg = Debug|Any CPU
		{498B7D4E-EE5D-47A1-B23B-F370D2CDD825}.Debug|Any CPU.Build.0 = Debug|Any CPU
		{498B7D4E-EE5D-47A1-B23B-F370D2CDD825}.Release|Any CPU.ActiveCfg = Release|Any CPU
		{498B7D4E-EE5D-47A1-B23B-F370D2CDD825}.Release|Any CPU.Build.0 = Release|Any CPU
		{912863D3-E061-4195-8ABA-6A0AD341C4D4}.Debug|Any CPU.ActiveCfg = Debug|Any CPU
		{912863D3-E061-4195-8ABA-6A0AD341C4D4}.Debug|Any CPU.Build.0 = Debug|Any CPU
		{912863D3-E061-4195-8ABA-6A0AD341C4D4}.Release|Any CPU.ActiveCfg = Release|Any CPU
		{912863D3-E061-4195-8ABA-6A0AD341C4D4}.Release|Any CPU.Build.0 = Release|Any CPU
		{A8BBA4F8-1B51-4CF8-946D-085276E875E0}.Debug|Any CPU.ActiveCfg = Debug|Any CPU
		{A8BBA4F8-1B51-4CF8-946D-085276E875E0}.Debug|Any CPU.Build.0 = Debug|Any CPU
		{A8BBA4F8-1B51-4CF8-946D-085276E875E0}.Release|Any CPU.ActiveCfg = Release|Any CPU
		{A8BBA4F8-1B51-4CF8-946D-085276E875E0}.Release|Any CPU.Build.0 = Release|Any CPU
		{F7E0575C-A053-4B17-B278-D2852A2D4402}.Debug|Any CPU.ActiveCfg = Debug|Any CPU
		{F7E0575C-A053-4B17-B278-D2852A2D4402}.Debug|Any CPU.Build.0 = Debug|Any CPU
		{F7E0575C-A053-4B17-B278-D2852A2D4402}.Release|Any CPU.ActiveCfg = Release|Any CPU
		{F7E0575C-A053-4B17-B278-D2852A2D4402}.Release|Any CPU.Build.0 = Release|Any CPU
		{5F6FA615-E50B-4EDD-AE40-958B76121F3F}.Debug|Any CPU.ActiveCfg = Debug|Any CPU
		{5F6FA615-E50B-4EDD-AE40-958B76121F3F}.Debug|Any CPU.Build.0 = Debug|Any CPU
		{5F6FA615-E50B-4EDD-AE40-958B76121F3F}.Release|Any CPU.ActiveCfg = Release|Any CPU
		{5F6FA615-E50B-4EDD-AE40-958B76121F3F}.Release|Any CPU.Build.0 = Release|Any CPU
		{C9152FE6-313D-400E-B804-6E94DBA44428}.Debug|Any CPU.ActiveCfg = Debug|Any CPU
		{C9152FE6-313D-400E-B804-6E94DBA44428}.Debug|Any CPU.Build.0 = Debug|Any CPU
		{C9152FE6-313D-400E-B804-6E94DBA44428}.Release|Any CPU.ActiveCfg = Release|Any CPU
		{C9152FE6-313D-400E-B804-6E94DBA44428}.Release|Any CPU.Build.0 = Release|Any CPU
		{FE47A5F8-E1E3-4BE0-87CE-C2718CF194E6}.Debug|Any CPU.ActiveCfg = Debug|Any CPU
		{FE47A5F8-E1E3-4BE0-87CE-C2718CF194E6}.Debug|Any CPU.Build.0 = Debug|Any CPU
		{FE47A5F8-E1E3-4BE0-87CE-C2718CF194E6}.Release|Any CPU.ActiveCfg = Release|Any CPU
		{FE47A5F8-E1E3-4BE0-87CE-C2718CF194E6}.Release|Any CPU.Build.0 = Release|Any CPU
	EndGlobalSection
	GlobalSection(SolutionProperties) = preSolution
		HideSolutionNode = FALSE
	EndGlobalSection
	GlobalSection(NestedProjects) = preSolution
		{AC66DEBE-88B2-4EB1-8615-4434806500AB} = {02EA681E-C7D8-13C7-8484-4AC65E1B71E8}
		{482FFED9-D29F-424F-BBD0-1AE74CAD7702} = {02EA681E-C7D8-13C7-8484-4AC65E1B71E8}
		{964E5CED-764D-4C73-B714-535AD709D34F} = {02EA681E-C7D8-13C7-8484-4AC65E1B71E8}
		{9201F6B7-2322-415E-AB65-7E582A6FA87B} = {0CE510BA-8C5E-42AB-84CF-14C96C66A8C7}
		{FB89B69B-92BE-467E-B3A7-2D9539AAB96D} = {0CE510BA-8C5E-42AB-84CF-14C96C66A8C7}
		{8038F3AC-CE2E-4906-94FC-A1B0C11FC5DC} = {0CE510BA-8C5E-42AB-84CF-14C96C66A8C7}
		{2D807F4B-C349-49EE-86C5-241979449A70} = {2640C912-EFF9-4F33-9F8A-5E168175341E}
		{98EC6594-92CE-4265-83CD-4EB0624D4C1B} = {2640C912-EFF9-4F33-9F8A-5E168175341E}
		{33CD676A-82EA-4EE9-AA6E-D6451CBFC2A2} = {2640C912-EFF9-4F33-9F8A-5E168175341E}
		{4334884C-900F-4AFF-918E-C813914F4432} = {D96BD2FF-4AA3-4022-B79A-5890A58CCDF0}
		{6D4EC8D6-382E-4FAD-ADDA-7E39DE31F00A} = {D96BD2FF-4AA3-4022-B79A-5890A58CCDF0}
		{3DE65D94-345F-42D7-8634-AC7A834C9E4D} = {D96BD2FF-4AA3-4022-B79A-5890A58CCDF0}
		{0D02FDED-54FE-49D2-A73F-375F5BC8FCE0} = {8A58CDCA-927C-4624-926F-82B4A67A06F4}
		{245A9953-ECEA-48F9-9223-7F629FDFCFAB} = {8A58CDCA-927C-4624-926F-82B4A67A06F4}
		{6E7F9548-D143-4989-A685-400200BB1B7E} = {8A58CDCA-927C-4624-926F-82B4A67A06F4}
		{B1B4ED24-F6B9-46D4-BCCF-E5701CC68BC7} = {D0798CBD-3840-4F4D-AA7E-3D14EDF6A855}
		{AA00791A-2D01-4DF3-A8D2-7958587DC668} = {D0798CBD-3840-4F4D-AA7E-3D14EDF6A855}
		{498B7D4E-EE5D-47A1-B23B-F370D2CDD825} = {D0798CBD-3840-4F4D-AA7E-3D14EDF6A855}
		{912863D3-E061-4195-8ABA-6A0AD341C4D4} = {70CF32CA-8E86-4220-A435-E61C2F11E24E}
		{A8BBA4F8-1B51-4CF8-946D-085276E875E0} = {70CF32CA-8E86-4220-A435-E61C2F11E24E}
		{F7E0575C-A053-4B17-B278-D2852A2D4402} = {70CF32CA-8E86-4220-A435-E61C2F11E24E}
		{5F6FA615-E50B-4EDD-AE40-958B76121F3F} = {E9832953-F9AC-4D29-80CD-D7E932814D19}
		{C9152FE6-313D-400E-B804-6E94DBA44428} = {E9832953-F9AC-4D29-80CD-D7E932814D19}
		{FE47A5F8-E1E3-4BE0-87CE-C2718CF194E6} = {E9832953-F9AC-4D29-80CD-D7E932814D19}
	EndGlobalSection
	GlobalSection(ExtensibilityGlobals) = postSolution
		SolutionGuid = {FD1BB125-585C-4AB9-8FB5-44D80F659EC8}
	EndGlobalSection
EndGlobal
